
Microsoft Visual Studio Solution File, Format Version 12.00
# Visual Studio 15
Project("{FAE04EC0-301F-11D3-BF4B-00C04F79EFBC}") = "Assembly-CSharp", "Assembly-CSharp.csproj", "{A287DEA6-DD11-1608-50D5-844CA2797711}"
EndProject
Project("{FAE04EC0-301F-11D3-BF4B-00C04F79EFBC}") = "Assembly-CSharp-firstpass", "Assembly-CSharp-firstpass.csproj", "{C983FD1E-57CF-83FF-4E8A-83F81DCCDDA0}"
EndProject
Project("{FAE04EC0-301F-11D3-BF4B-00C04F79EFBC}") = "Assembly-CSharp-Editor", "Assembly-CSharp-Editor.csproj", "{32F98CB6-3286-6FF9-D75D-148CBE02DE9E}"
EndProject
Global
	GlobalSection(SolutionConfigurationPlatforms) = preSolution
		Debug|Any CPU = Debug|Any CPU
		Release|Any CPU = Release|Any CPU
	EndGlobalSection
	GlobalSection(ProjectConfigurationPlatforms) = postSolution
		{A287DEA6-DD11-1608-50D5-844CA2797711}.Debug|Any CPU.ActiveCfg = Debug|Any CPU
		{A287DEA6-DD11-1608-50D5-844CA2797711}.Debug|Any CPU.Build.0 = Debug|Any CPU
		{A287DEA6-DD11-1608-50D5-844CA2797711}.Release|Any CPU.ActiveCfg = Release|Any CPU
		{A287DEA6-DD11-1608-50D5-844CA2797711}.Release|Any CPU.Build.0 = Release|Any CPU
		{C983FD1E-57CF-83FF-4E8A-83F81DCCDDA0}.Debug|Any CPU.ActiveCfg = Debug|Any CPU
		{C983FD1E-57CF-83FF-4E8A-83F81DCCDDA0}.Debug|Any CPU.Build.0 = Debug|Any CPU
		{C983FD1E-57CF-83FF-4E8A-83F81DCCDDA0}.Release|Any CPU.ActiveCfg = Release|Any CPU
		{C983FD1E-57CF-83FF-4E8A-83F81DCCDDA0}.Release|Any CPU.Build.0 = Release|Any CPU
		{32F98CB6-3286-6FF9-D75D-148CBE02DE9E}.Debug|Any CPU.ActiveCfg = Debug|Any CPU
		{32F98CB6-3286-6FF9-D75D-148CBE02DE9E}.Debug|Any CPU.Build.0 = Debug|Any CPU
		{32F98CB6-3286-6FF9-D75D-148CBE02DE9E}.Release|Any CPU.ActiveCfg = Release|Any CPU
		{32F98CB6-3286-6FF9-D75D-148CBE02DE9E}.Release|Any CPU.Build.0 = Release|Any CPU
	EndGlobalSection
	GlobalSection(SolutionProperties) = preSolution
		HideSolutionNode = FALSE
	EndGlobalSection
EndGlobal
